// !$*UTF8*$!
{
	archiveVersion = 1;
	classes = {
	};
	objectVersion = 56;
	objects = {

/* Begin PBXBuildFile section */
		46B1E04C2A98AC5400EF4276 /* AppDelegate.swift in Sources */ = {isa = PBXBuildFile; fileRef = 46B1E04B2A98AC5400EF4276 /* AppDelegate.swift */; };
		46B1E04E2A98AC5400EF4276 /* SceneDelegate.swift in Sources */ = {isa = PBXBuildFile; fileRef = 46B1E04D2A98AC5400EF4276 /* SceneDelegate.swift */; };
		46B1E0552A98AC5500EF4276 /* Assets.xcassets in Resources */ = {isa = PBXBuildFile; fileRef = 46B1E0542A98AC5500EF4276 /* Assets.xcassets */; };
		46B1E0582A98AC5500EF4276 /* LaunchScreen.storyboard in Resources */ = {isa = PBXBuildFile; fileRef = 46B1E0562A98AC5500EF4276 /* LaunchScreen.storyboard */; };
/* End PBXBuildFile section */

/* Begin PBXFileReference section */
		46B1E0482A98AC5400EF4276 /* AvitoIntern.app */ = {isa = PBXFileReference; explicitFileType = wrapper.application; includeInIndex = 0; path = AvitoIntern.app; sourceTree = BUILT_PRODUCTS_DIR; };
		46B1E04B2A98AC5400EF4276 /* AppDelegate.swift */ = {isa = PBXFileReference; lastKnownFileType = sourcecode.swift; path = AppDelegate.swift; sourceTree = "<group>"; };
		46B1E04D2A98AC5400EF4276 /* SceneDelegate.swift */ = {isa = PBXFileReference; lastKnownFileType = sourcecode.swift; path = SceneDelegate.swift; sourceTree = "<group>"; };
		46B1E0542A98AC5500EF4276 /* Assets.xcassets */ = {isa = PBXFileReference; lastKnownFileType = folder.assetcatalog; path = Assets.xcassets; sourceTree = "<group>"; };
		46B1E0572A98AC5500EF4276 /* Base */ = {isa = PBXFileReference; lastKnownFileType = file.storyboard; name = Base; path = Base.lproj/LaunchScreen.storyboard; sourceTree = "<group>"; };
		46B1E0592A98AC5500EF4276 /* Info.plist */ = {isa = PBXFileReference; lastKnownFileType = text.plist.xml; path = Info.plist; sourceTree = "<group>"; };
/* End PBXFileReference section */

/* Begin PBXFrameworksBuildPhase section */
		46B1E0452A98AC5400EF4276 /* Frameworks */ = {
			isa = PBXFrameworksBuildPhase;
			buildActionMask = 2147483647;
			files = (
			);
			runOnlyForDeploymentPostprocessing = 0;
		};
/* End PBXFrameworksBuildPhase section */

/* Begin PBXGroup section */
		46B1E03F2A98AC5300EF4276 = {
			isa = PBXGroup;
			children = (
				46B1E04A2A98AC5400EF4276 /* AvitoIntern */,
				46B1E0492A98AC5400EF4276 /* Products */,
			);
			sourceTree = "<group>";
		};
		46B1E0492A98AC5400EF4276 /* Products */ = {
			isa = PBXGroup;
			children = (
				46B1E0482A98AC5400EF4276 /* AvitoIntern.app */,
			);
			name = Products;
			sourceTree = "<group>";
		};
		46B1E04A2A98AC5400EF4276 /* AvitoIntern */ = {
			isa = PBXGroup;
			children = (
				46B1E0692A99C74A00EF4276 /* Presentation */,
				46B1E0602A99C45900EF4276 /* Modules */,
				46B1E05F2A99C40900EF4276 /* App */,
			);
			path = AvitoIntern;
			sourceTree = "<group>";
		};
		46B1E05F2A99C40900EF4276 /* App */ = {
			isa = PBXGroup;
			children = (
				46B1E04B2A98AC5400EF4276 /* AppDelegate.swift */,
				46B1E04D2A98AC5400EF4276 /* SceneDelegate.swift */,
				46B1E0542A98AC5500EF4276 /* Assets.xcassets */,
				46B1E0562A98AC5500EF4276 /* LaunchScreen.storyboard */,
				46B1E0592A98AC5500EF4276 /* Info.plist */,
			);
			path = App;
			sourceTree = "<group>";
		};
		46B1E0602A99C45900EF4276 /* Modules */ = {
			isa = PBXGroup;
			children = (
				46B1E0622A99C47100EF4276 /* DetailPage */,
				46B1E0612A99C46800EF4276 /* MainPage */,
			);
			path = Modules;
			sourceTree = "<group>";
		};
		46B1E0612A99C46800EF4276 /* MainPage */ = {
			isa = PBXGroup;
			children = (
				46B1E0662A99C4AF00EF4276 /* View */,
				46B1E0652A99C4A900EF4276 /* Presenter */,
				46B1E0642A99C49D00EF4276 /* Assembly */,
				46B1E0632A99C49800EF4276 /* Models */,
			);
			path = MainPage;
			sourceTree = "<group>";
		};
		46B1E0622A99C47100EF4276 /* DetailPage */ = {
			isa = PBXGroup;
			children = (
			);
			path = DetailPage;
			sourceTree = "<group>";
		};
		46B1E0632A99C49800EF4276 /* Models */ = {
			isa = PBXGroup;
			children = (
			);
			path = Models;
			sourceTree = "<group>";
		};
		46B1E0642A99C49D00EF4276 /* Assembly */ = {
			isa = PBXGroup;
			children = (
			);
			path = Assembly;
			sourceTree = "<group>";
		};
		46B1E0652A99C4A900EF4276 /* Presenter */ = {
			isa = PBXGroup;
			children = (
			);
			path = Presenter;
			sourceTree = "<group>";
		};
		46B1E0662A99C4AF00EF4276 /* View */ = {
			isa = PBXGroup;
			children = (
				46B1E0672A99C4D500EF4276 /* Cells */,
			);
			path = View;
			sourceTree = "<group>";
		};
		46B1E0672A99C4D500EF4276 /* Cells */ = {
			isa = PBXGroup;
			children = (
				46B1E0682A99C4E600EF4276 /* ProductCell */,
			);
			path = Cells;
			sourceTree = "<group>";
		};
		46B1E0682A99C4E600EF4276 /* ProductCell */ = {
			isa = PBXGroup;
			children = (
			);
			path = ProductCell;
			sourceTree = "<group>";
		};
		46B1E0692A99C74A00EF4276 /* Presentation */ = {
			isa = PBXGroup;
			children = (
			);
			path = Presentation;
			sourceTree = "<group>";
		};
/* End PBXGroup section */

/* Begin PBXNativeTarget section */
		46B1E0472A98AC5400EF4276 /* AvitoIntern */ = {
			isa = PBXNativeTarget;
			buildConfigurationList = 46B1E05C2A98AC5500EF4276 /* Build configuration list for PBXNativeTarget "AvitoIntern" */;
			buildPhases = (
				46B1E0442A98AC5400EF4276 /* Sources */,
				46B1E0452A98AC5400EF4276 /* Frameworks */,
				46B1E0462A98AC5400EF4276 /* Resources */,
			);
			buildRules = (
			);
			dependencies = (
			);
			name = AvitoIntern;
			productName = AvitoIntern;
			productReference = 46B1E0482A98AC5400EF4276 /* AvitoIntern.app */;
			productType = "com.apple.product-type.application";
		};
/* End PBXNativeTarget section */

/* Begin PBXProject section */
		46B1E0402A98AC5300EF4276 /* Project object */ = {
			isa = PBXProject;
			attributes = {
				BuildIndependentTargetsInParallel = 1;
				LastSwiftUpdateCheck = 1420;
				LastUpgradeCheck = 1420;
				TargetAttributes = {
					46B1E0472A98AC5400EF4276 = {
						CreatedOnToolsVersion = 14.2;
					};
				};
			};
			buildConfigurationList = 46B1E0432A98AC5300EF4276 /* Build configuration list for PBXProject "AvitoIntern" */;
			compatibilityVersion = "Xcode 14.0";
			developmentRegion = en;
			hasScannedForEncodings = 0;
			knownRegions = (
				en,
				Base,
			);
			mainGroup = 46B1E03F2A98AC5300EF4276;
			productRefGroup = 46B1E0492A98AC5400EF4276 /* Products */;
			projectDirPath = "";
			projectRoot = "";
			targets = (
				46B1E0472A98AC5400EF4276 /* AvitoIntern */,
			);
		};
/* End PBXProject section */

/* Begin PBXResourcesBuildPhase section */
		46B1E0462A98AC5400EF4276 /* Resources */ = {
			isa = PBXResourcesBuildPhase;
			buildActionMask = 2147483647;
			files = (
				46B1E0582A98AC5500EF4276 /* LaunchScreen.storyboard in Resources */,
				46B1E0552A98AC5500EF4276 /* Assets.xcassets in Resources */,
			);
			runOnlyForDeploymentPostprocessing = 0;
		};
/* End PBXResourcesBuildPhase section */

/* Begin PBXSourcesBuildPhase section */
		46B1E0442A98AC5400EF4276 /* Sources */ = {
			isa = PBXSourcesBuildPhase;
			buildActionMask = 2147483647;
			files = (
				46B1E04C2A98AC5400EF4276 /* AppDelegate.swift in Sources */,
				46B1E04E2A98AC5400EF4276 /* SceneDelegate.swift in Sources */,
			);
			runOnlyForDeploymentPostprocessing = 0;
		};
/* End PBXSourcesBuildPhase section */

/* Begin PBXVariantGroup section */
		46B1E0562A98AC5500EF4276 /* LaunchScreen.storyboard */ = {
			isa = PBXVariantGroup;
			children = (
				46B1E0572A98AC5500EF4276 /* Base */,
			);
			name = LaunchScreen.storyboard;
			sourceTree = "<group>";
		};
/* End PBXVariantGroup section */

/* Begin XCBuildConfiguration section */
		46B1E05A2A98AC5500EF4276 /* Debug */ = {
			isa = XCBuildConfiguration;
			buildSettings = {
				ALWAYS_SEARCH_USER_PATHS = NO;
				CLANG_ANALYZER_NONNULL = YES;
				CLANG_ANALYZER_NUMBER_OBJECT_CONVERSION = YES_AGGRESSIVE;
				CLANG_CXX_LANGUAGE_STANDARD = "gnu++20";
				CLANG_ENABLE_MODULES = YES;
				CLANG_ENABLE_OBJC_ARC = YES;
				CLANG_ENABLE_OBJC_WEAK = YES;
				CLANG_WARN_BLOCK_CAPTURE_AUTORELEASING = YES;
				CLANG_WARN_BOOL_CONVERSION = YES;
				CLANG_WARN_COMMA = YES;
				CLANG_WARN_CONSTANT_CONVERSION = YES;
				CLANG_WARN_DEPRECATED_OBJC_IMPLEMENTATIONS = YES;
				CLANG_WARN_DIRECT_OBJC_ISA_USAGE = YES_ERROR;
				CLANG_WARN_DOCUMENTATION_COMMENTS = YES;
				CLANG_WARN_EMPTY_BODY = YES;
				CLANG_WARN_ENUM_CONVERSION = YES;
				CLANG_WARN_INFINITE_RECURSION = YES;
				CLANG_WARN_INT_CONVERSION = YES;
				CLANG_WARN_NON_LITERAL_NULL_CONVERSION = YES;
				CLANG_WARN_OBJC_IMPLICIT_RETAIN_SELF = YES;
				CLANG_WARN_OBJC_LITERAL_CONVERSION = YES;
				CLANG_WARN_OBJC_ROOT_CLASS = YES_ERROR;
				CLANG_WARN_QUOTED_INCLUDE_IN_FRAMEWORK_HEADER = YES;
				CLANG_WARN_RANGE_LOOP_ANALYSIS = YES;
				CLANG_WARN_STRICT_PROTOTYPES = YES;
				CLANG_WARN_SUSPICIOUS_MOVE = YES;
				CLANG_WARN_UNGUARDED_AVAILABILITY = YES_AGGRESSIVE;
				CLANG_WARN_UNREACHABLE_CODE = YES;
				CLANG_WARN__DUPLICATE_METHOD_MATCH = YES;
				COPY_PHASE_STRIP = NO;
				DEBUG_INFORMATION_FORMAT = dwarf;
				ENABLE_STRICT_OBJC_MSGSEND = YES;
				ENABLE_TESTABILITY = YES;
				GCC_C_LANGUAGE_STANDARD = gnu11;
				GCC_DYNAMIC_NO_PIC = NO;
				GCC_NO_COMMON_BLOCKS = YES;
				GCC_OPTIMIZATION_LEVEL = 0;
				GCC_PREPROCESSOR_DEFINITIONS = (
					"DEBUG=1",
					"$(inherited)",
				);
				GCC_WARN_64_TO_32_BIT_CONVERSION = YES;
				GCC_WARN_ABOUT_RETURN_TYPE = YES_ERROR;
				GCC_WARN_UNDECLARED_SELECTOR = YES;
				GCC_WARN_UNINITIALIZED_AUTOS = YES_AGGRESSIVE;
				GCC_WARN_UNUSED_FUNCTION = YES;
				GCC_WARN_UNUSED_VARIABLE = YES;
				IPHONEOS_DEPLOYMENT_TARGET = 16.2;
				MTL_ENABLE_DEBUG_INFO = INCLUDE_SOURCE;
				MTL_FAST_MATH = YES;
				ONLY_ACTIVE_ARCH = YES;
				SDKROOT = iphoneos;
				SWIFT_ACTIVE_COMPILATION_CONDITIONS = DEBUG;
				SWIFT_OPTIMIZATION_LEVEL = "-Onone";
			};
			name = Debug;
		};
		46B1E05B2A98AC5500EF4276 /* Release */ = {
			isa = XCBuildConfiguration;
			buildSettings = {
				ALWAYS_SEARCH_USER_PATHS = NO;
				CLANG_ANALYZER_NONNULL = YES;
				CLANG_ANALYZER_NUMBER_OBJECT_CONVERSION = YES_AGGRESSIVE;
				CLANG_CXX_LANGUAGE_STANDARD = "gnu++20";
				CLANG_ENABLE_MODULES = YES;
				CLANG_ENABLE_OBJC_ARC = YES;
				CLANG_ENABLE_OBJC_WEAK = YES;
				CLANG_WARN_BLOCK_CAPTURE_AUTORELEASING = YES;
				CLANG_WARN_BOOL_CONVERSION = YES;
				CLANG_WARN_COMMA = YES;
				CLANG_WARN_CONSTANT_CONVERSION = YES;
				CLANG_WARN_DEPRECATED_OBJC_IMPLEMENTATIONS = YES;
				CLANG_WARN_DIRECT_OBJC_ISA_USAGE = YES_ERROR;
				CLANG_WARN_DOCUMENTATION_COMMENTS = YES;
				CLANG_WARN_EMPTY_BODY = YES;
				CLANG_WARN_ENUM_CONVERSION = YES;
				CLANG_WARN_INFINITE_RECURSION = YES;
				CLANG_WARN_INT_CONVERSION = YES;
				CLANG_WARN_NON_LITERAL_NULL_CONVERSION = YES;
				CLANG_WARN_OBJC_IMPLICIT_RETAIN_SELF = YES;
				CLANG_WARN_OBJC_LITERAL_CONVERSION = YES;
				CLANG_WARN_OBJC_ROOT_CLASS = YES_ERROR;
				CLANG_WARN_QUOTED_INCLUDE_IN_FRAMEWORK_HEADER = YES;
				CLANG_WARN_RANGE_LOOP_ANALYSIS = YES;
				CLANG_WARN_STRICT_PROTOTYPES = YES;
				CLANG_WARN_SUSPICIOUS_MOVE = YES;
				CLANG_WARN_UNGUARDED_AVAILABILITY = YES_AGGRESSIVE;
				CLANG_WARN_UNREACHABLE_CODE = YES;
				CLANG_WARN__DUPLICATE_METHOD_MATCH = YES;
				COPY_PHASE_STRIP = NO;
				DEBUG_INFORMATION_FORMAT = "dwarf-with-dsym";
				ENABLE_NS_ASSERTIONS = NO;
				ENABLE_STRICT_OBJC_MSGSEND = YES;
				GCC_C_LANGUAGE_STANDARD = gnu11;
				GCC_NO_COMMON_BLOCKS = YES;
				GCC_WARN_64_TO_32_BIT_CONVERSION = YES;
				GCC_WARN_ABOUT_RETURN_TYPE = YES_ERROR;
				GCC_WARN_UNDECLARED_SELECTOR = YES;
				GCC_WARN_UNINITIALIZED_AUTOS = YES_AGGRESSIVE;
				GCC_WARN_UNUSED_FUNCTION = YES;
				GCC_WARN_UNUSED_VARIABLE = YES;
				IPHONEOS_DEPLOYMENT_TARGET = 16.2;
				MTL_ENABLE_DEBUG_INFO = NO;
				MTL_FAST_MATH = YES;
				SDKROOT = iphoneos;
				SWIFT_COMPILATION_MODE = wholemodule;
				SWIFT_OPTIMIZATION_LEVEL = "-O";
				VALIDATE_PRODUCT = YES;
			};
			name = Release;
		};
		46B1E05D2A98AC5500EF4276 /* Debug */ = {
			isa = XCBuildConfiguration;
			buildSettings = {
				ASSETCATALOG_COMPILER_APPICON_NAME = AppIcon;
				ASSETCATALOG_COMPILER_GLOBAL_ACCENT_COLOR_NAME = AccentColor;
				CODE_SIGN_STYLE = Automatic;
				CURRENT_PROJECT_VERSION = 1;
				DEVELOPMENT_TEAM = NA59CFFXCT;
				GENERATE_INFOPLIST_FILE = YES;
				INFOPLIST_FILE = AvitoIntern/App/Info.plist;
				INFOPLIST_KEY_UIApplicationSupportsIndirectInputEvents = YES;
				INFOPLIST_KEY_UILaunchStoryboardName = LaunchScreen;
				INFOPLIST_KEY_UISupportedInterfaceOrientations_iPad = "UIInterfaceOrientationPortrait UIInterfaceOrientationPortraitUpsideDown UIInterfaceOrientationLandscapeLeft UIInterfaceOrientationLandscapeRight";
				INFOPLIST_KEY_UISupportedInterfaceOrientations_iPhone = "UIInterfaceOrientationPortrait UIInterfaceOrientationLandscapeLeft UIInterfaceOrientationLandscapeRight";
				LD_RUNPATH_SEARCH_PATHS = (
					"$(inherited)",
					"@executable_path/Frameworks",
				);
				MARKETING_VERSION = 1.0;
				PRODUCT_BUNDLE_IDENTIFIER = haydar.AvitoIntern;
				PRODUCT_NAME = "$(TARGET_NAME)";
				SWIFT_EMIT_LOC_STRINGS = YES;
				SWIFT_VERSION = 5.0;
				TARGETED_DEVICE_FAMILY = "1,2";
			};
			name = Debug;
		};
		46B1E05E2A98AC5500EF4276 /* Release */ = {
			isa = XCBuildConfiguration;
			buildSettings = {
				ASSETCATALOG_COMPILER_APPICON_NAME = AppIcon;
				ASSETCATALOG_COMPILER_GLOBAL_ACCENT_COLOR_NAME = AccentColor;
				CODE_SIGN_STYLE = Automatic;
				CURRENT_PROJECT_VERSION = 1;
				DEVELOPMENT_TEAM = NA59CFFXCT;
				GENERATE_INFOPLIST_FILE = YES;
				INFOPLIST_FILE = AvitoIntern/App/Info.plist;
				INFOPLIST_KEY_UIApplicationSupportsIndirectInputEvents = YES;
				INFOPLIST_KEY_UILaunchStoryboardName = LaunchScreen;
				INFOPLIST_KEY_UISupportedInterfaceOrientations_iPad = "UIInterfaceOrientationPortrait UIInterfaceOrientationPortraitUpsideDown UIInterfaceOrientationLandscapeLeft UIInterfaceOrientationLandscapeRight";
				INFOPLIST_KEY_UISupportedInterfaceOrientations_iPhone = "UIInterfaceOrientationPortrait UIInterfaceOrientationLandscapeLeft UIInterfaceOrientationLandscapeRight";
				LD_RUNPATH_SEARCH_PATHS = (
					"$(inherited)",
					"@executable_path/Frameworks",
				);
				MARKETING_VERSION = 1.0;
				PRODUCT_BUNDLE_IDENTIFIER = haydar.AvitoIntern;
				PRODUCT_NAME = "$(TARGET_NAME)";
				SWIFT_EMIT_LOC_STRINGS = YES;
				SWIFT_VERSION = 5.0;
				TARGETED_DEVICE_FAMILY = "1,2";
			};
			name = Release;
		};
/* End XCBuildConfiguration section */

/* Begin XCConfigurationList section */
		46B1E0432A98AC5300EF4276 /* Build configuration list for PBXProject "AvitoIntern" */ = {
			isa = XCConfigurationList;
			buildConfigurations = (
				46B1E05A2A98AC5500EF4276 /* Debug */,
				46B1E05B2A98AC5500EF4276 /* Release */,
			);
			defaultConfigurationIsVisible = 0;
			defaultConfigurationName = Release;
		};
		46B1E05C2A98AC5500EF4276 /* Build configuration list for PBXNativeTarget "AvitoIntern" */ = {
			isa = XCConfigurationList;
			buildConfigurations = (
				46B1E05D2A98AC5500EF4276 /* Debug */,
				46B1E05E2A98AC5500EF4276 /* Release */,
			);
			defaultConfigurationIsVisible = 0;
			defaultConfigurationName = Release;
		};
/* End XCConfigurationList section */
	};
	rootObject = 46B1E0402A98AC5300EF4276 /* Project object */;
}
